
Microsoft Visual Studio Solution File, Format Version 12.00
# Visual Studio Version 16
VisualStudioVersion = 16.0.29709.97
MinimumVisualStudioVersion = 10.0.40219.1
Project("{FAE04EC0-301F-11D3-BF4B-00C04F79EFBC}") = "Modul01_HalloWPF", "HalleWPF\Modul01_HalloWPF.csproj", "{EA696934-A389-4139-9DBC-ACCC545E7DF7}"
EndProject
Project("{FAE04EC0-301F-11D3-BF4B-00C04F79EFBC}") = "Modul02_Controls", "Controls\Modul02_Controls.csproj", "{18FC2550-9ED9-4750-91A1-68F093709DD8}"
EndProject
Project("{FAE04EC0-301F-11D3-BF4B-00C04F79EFBC}") = "Modul03.1_Container", "Container\Modul03.1_Container.csproj", "{3F9F9486-F83D-4824-B3D8-4A9C2F116402}"
EndProject
Project("{FAE04EC0-301F-11D3-BF4B-00C04F79EFBC}") = "Modul03.2_TextboxÜbung", "Uebung_Textbox\Modul03.2_TextboxÜbung.csproj", "{2CE17212-346D-4B55-8CD7-685CD6B8D795}"
EndProject
Project("{FAE04EC0-301F-11D3-BF4B-00C04F79EFBC}") = "PersonenDB_Bsp (vgl. MVVM)", "PersonenDB_Bsp\PersonenDB_Bsp (vgl. MVVM).csproj", "{12183090-4FA4-47DF-9BD7-47464CC77C38}"
EndProject
Project("{FAE04EC0-301F-11D3-BF4B-00C04F79EFBC}") = "Modul04_RoutedEvents", "RoutedEvents\Modul04_RoutedEvents.csproj", "{A0E69528-AA24-4B52-9EBD-7A3608E395AC}"
EndProject
Project("{FAE04EC0-301F-11D3-BF4B-00C04F79EFBC}") = "Modul05.1_Bindings", "Bindings\Modul05.1_Bindings.csproj", "{73DB45AA-701F-4F91-8CE7-D1C3D5A8104B}"
EndProject
Project("{FAE04EC0-301F-11D3-BF4B-00C04F79EFBC}") = "Modul05.2_ValueConverter", "ValueConverter\Modul05.2_ValueConverter.csproj", "{64C44397-EA00-4540-98E9-A452E09BB065}"
EndProject
Project("{FAE04EC0-301F-11D3-BF4B-00C04F79EFBC}") = "Modul06_Ressources", "Ressources\Modul06_Ressources.csproj", "{9D98B16A-7318-47F3-B967-291FE0BA49F9}"
EndProject
Project("{FAE04EC0-301F-11D3-BF4B-00C04F79EFBC}") = "Modul07_Styles", "Styles\Modul07_Styles.csproj", "{94570D19-EABE-468A-A9C5-8C9242C4DDA2}"
EndProject
Project("{FAE04EC0-301F-11D3-BF4B-00C04F79EFBC}") = "Modul08_Templates", "Templates\Modul08_Templates.csproj", "{36E425BA-E0D2-4E1D-B5BE-6D0C75D1737A}"
EndProject
Project("{FAE04EC0-301F-11D3-BF4B-00C04F79EFBC}") = "Modul14_Animationen", "Animationen\Modul14_Animationen.csproj", "{46DFA6A5-0A6F-438D-B718-1BDA3B96A3A3}"
EndProject
Project("{FAE04EC0-301F-11D3-BF4B-00C04F79EFBC}") = "Modul09_Validierung", "Validierung\Modul09_Validierung.csproj", "{25909044-4428-454D-BB74-868E649B55EA}"
EndProject
Project("{FAE04EC0-301F-11D3-BF4B-00C04F79EFBC}") = "Modul10_RelativeSources", "RelativeSources\Modul10_RelativeSources.csproj", "{B2E39C31-16F0-429B-94CB-8827DD0092CA}"
EndProject
Project("{FAE04EC0-301F-11D3-BF4B-00C04F79EFBC}") = "Modul11_Trigger", "Trigger\Modul11_Trigger.csproj", "{59D20468-A63E-459D-A15B-C001C7FF7090}"
EndProject
Project("{FAE04EC0-301F-11D3-BF4B-00C04F79EFBC}") = "Modul12_UserControls", "UserControls\Modul12_UserControls.csproj", "{8171134D-8F27-4C81-B67A-22E25F968D87}"
EndProject
Project("{FAE04EC0-301F-11D3-BF4B-00C04F79EFBC}") = "Modul13_Commands", "Commands\Modul13_Commands.csproj", "{A686031B-00DF-4BA8-8DA8-25D73A32C176}"
EndProject
Project("{FAE04EC0-301F-11D3-BF4B-00C04F79EFBC}") = "MVVM_PersonenDb", "MVVM_PersonenDb\MVVM_PersonenDb.csproj", "{80CC9D5A-24FC-4BCF-9466-2E5A2B9CA4A2}"
EndProject
Project("{FAE04EC0-301F-11D3-BF4B-00C04F79EFBC}") = "Modul15_Lokalisierung", "Lokalisierung\Modul15_Lokalisierung.csproj", "{892E13C7-DA77-4F5E-956A-B09A366F1547}"
EndProject
Global
	GlobalSection(SolutionConfigurationPlatforms) = preSolution
		Debug|Any CPU = Debug|Any CPU
		Release|Any CPU = Release|Any CPU
	EndGlobalSection
	GlobalSection(ProjectConfigurationPlatforms) = postSolution
		{EA696934-A389-4139-9DBC-ACCC545E7DF7}.Debug|Any CPU.ActiveCfg = Debug|Any CPU
		{EA696934-A389-4139-9DBC-ACCC545E7DF7}.Debug|Any CPU.Build.0 = Debug|Any CPU
		{EA696934-A389-4139-9DBC-ACCC545E7DF7}.Release|Any CPU.ActiveCfg = Release|Any CPU
		{EA696934-A389-4139-9DBC-ACCC545E7DF7}.Release|Any CPU.Build.0 = Release|Any CPU
		{18FC2550-9ED9-4750-91A1-68F093709DD8}.Debug|Any CPU.ActiveCfg = Debug|Any CPU
		{18FC2550-9ED9-4750-91A1-68F093709DD8}.Debug|Any CPU.Build.0 = Debug|Any CPU
		{18FC2550-9ED9-4750-91A1-68F093709DD8}.Release|Any CPU.ActiveCfg = Release|Any CPU
		{18FC2550-9ED9-4750-91A1-68F093709DD8}.Release|Any CPU.Build.0 = Release|Any CPU
		{3F9F9486-F83D-4824-B3D8-4A9C2F116402}.Debug|Any CPU.ActiveCfg = Debug|Any CPU
		{3F9F9486-F83D-4824-B3D8-4A9C2F116402}.Debug|Any CPU.Build.0 = Debug|Any CPU
		{3F9F9486-F83D-4824-B3D8-4A9C2F116402}.Release|Any CPU.ActiveCfg = Release|Any CPU
		{3F9F9486-F83D-4824-B3D8-4A9C2F116402}.Release|Any CPU.Build.0 = Release|Any CPU
		{2CE17212-346D-4B55-8CD7-685CD6B8D795}.Debug|Any CPU.ActiveCfg = Debug|Any CPU
		{2CE17212-346D-4B55-8CD7-685CD6B8D795}.Debug|Any CPU.Build.0 = Debug|Any CPU
		{2CE17212-346D-4B55-8CD7-685CD6B8D795}.Release|Any CPU.ActiveCfg = Release|Any CPU
		{2CE17212-346D-4B55-8CD7-685CD6B8D795}.Release|Any CPU.Build.0 = Release|Any CPU
		{12183090-4FA4-47DF-9BD7-47464CC77C38}.Debug|Any CPU.ActiveCfg = Debug|Any CPU
		{12183090-4FA4-47DF-9BD7-47464CC77C38}.Debug|Any CPU.Build.0 = Debug|Any CPU
		{12183090-4FA4-47DF-9BD7-47464CC77C38}.Release|Any CPU.ActiveCfg = Release|Any CPU
		{12183090-4FA4-47DF-9BD7-47464CC77C38}.Release|Any CPU.Build.0 = Release|Any CPU
		{A0E69528-AA24-4B52-9EBD-7A3608E395AC}.Debug|Any CPU.ActiveCfg = Debug|Any CPU
		{A0E69528-AA24-4B52-9EBD-7A3608E395AC}.Debug|Any CPU.Build.0 = Debug|Any CPU
		{A0E69528-AA24-4B52-9EBD-7A3608E395AC}.Release|Any CPU.ActiveCfg = Release|Any CPU
		{A0E69528-AA24-4B52-9EBD-7A3608E395AC}.Release|Any CPU.Build.0 = Release|Any CPU
		{73DB45AA-701F-4F91-8CE7-D1C3D5A8104B}.Debug|Any CPU.ActiveCfg = Debug|Any CPU
		{73DB45AA-701F-4F91-8CE7-D1C3D5A8104B}.Debug|Any CPU.Build.0 = Debug|Any CPU
		{73DB45AA-701F-4F91-8CE7-D1C3D5A8104B}.Release|Any CPU.ActiveCfg = Release|Any CPU
		{73DB45AA-701F-4F91-8CE7-D1C3D5A8104B}.Release|Any CPU.Build.0 = Release|Any CPU
		{64C44397-EA00-4540-98E9-A452E09BB065}.Debug|Any CPU.ActiveCfg = Debug|Any CPU
		{64C44397-EA00-4540-98E9-A452E09BB065}.Debug|Any CPU.Build.0 = Debug|Any CPU
		{64C44397-EA00-4540-98E9-A452E09BB065}.Release|Any CPU.ActiveCfg = Release|Any CPU
		{64C44397-EA00-4540-98E9-A452E09BB065}.Release|Any CPU.Build.0 = Release|Any CPU
		{9D98B16A-7318-47F3-B967-291FE0BA49F9}.Debug|Any CPU.ActiveCfg = Debug|Any CPU
		{9D98B16A-7318-47F3-B967-291FE0BA49F9}.Debug|Any CPU.Build.0 = Debug|Any CPU
		{9D98B16A-7318-47F3-B967-291FE0BA49F9}.Release|Any CPU.ActiveCfg = Release|Any CPU
		{9D98B16A-7318-47F3-B967-291FE0BA49F9}.Release|Any CPU.Build.0 = Release|Any CPU
		{94570D19-EABE-468A-A9C5-8C9242C4DDA2}.Debug|Any CPU.ActiveCfg = Debug|Any CPU
		{94570D19-EABE-468A-A9C5-8C9242C4DDA2}.Debug|Any CPU.Build.0 = Debug|Any CPU
		{94570D19-EABE-468A-A9C5-8C9242C4DDA2}.Release|Any CPU.ActiveCfg = Release|Any CPU
		{94570D19-EABE-468A-A9C5-8C9242C4DDA2}.Release|Any CPU.Build.0 = Release|Any CPU
		{36E425BA-E0D2-4E1D-B5BE-6D0C75D1737A}.Debug|Any CPU.ActiveCfg = Debug|Any CPU
		{36E425BA-E0D2-4E1D-B5BE-6D0C75D1737A}.Debug|Any CPU.Build.0 = Debug|Any CPU
		{36E425BA-E0D2-4E1D-B5BE-6D0C75D1737A}.Release|Any CPU.ActiveCfg = Release|Any CPU
		{36E425BA-E0D2-4E1D-B5BE-6D0C75D1737A}.Release|Any CPU.Build.0 = Release|Any CPU
		{46DFA6A5-0A6F-438D-B718-1BDA3B96A3A3}.Debug|Any CPU.ActiveCfg = Debug|Any CPU
		{46DFA6A5-0A6F-438D-B718-1BDA3B96A3A3}.Debug|Any CPU.Build.0 = Debug|Any CPU
		{46DFA6A5-0A6F-438D-B718-1BDA3B96A3A3}.Release|Any CPU.ActiveCfg = Release|Any CPU
		{46DFA6A5-0A6F-438D-B718-1BDA3B96A3A3}.Release|Any CPU.Build.0 = Release|Any CPU
		{25909044-4428-454D-BB74-868E649B55EA}.Debug|Any CPU.ActiveCfg = Debug|Any CPU
		{25909044-4428-454D-BB74-868E649B55EA}.Debug|Any CPU.Build.0 = Debug|Any CPU
		{25909044-4428-454D-BB74-868E649B55EA}.Release|Any CPU.ActiveCfg = Release|Any CPU
		{25909044-4428-454D-BB74-868E649B55EA}.Release|Any CPU.Build.0 = Release|Any CPU
		{B2E39C31-16F0-429B-94CB-8827DD0092CA}.Debug|Any CPU.ActiveCfg = Debug|Any CPU
		{B2E39C31-16F0-429B-94CB-8827DD0092CA}.Debug|Any CPU.Build.0 = Debug|Any CPU
		{B2E39C31-16F0-429B-94CB-8827DD0092CA}.Release|Any CPU.ActiveCfg = Release|Any CPU
		{B2E39C31-16F0-429B-94CB-8827DD0092CA}.Release|Any CPU.Build.0 = Release|Any CPU
		{59D20468-A63E-459D-A15B-C001C7FF7090}.Debug|Any CPU.ActiveCfg = Debug|Any CPU
		{59D20468-A63E-459D-A15B-C001C7FF7090}.Debug|Any CPU.Build.0 = Debug|Any CPU
		{59D20468-A63E-459D-A15B-C001C7FF7090}.Release|Any CPU.ActiveCfg = Release|Any CPU
		{59D20468-A63E-459D-A15B-C001C7FF7090}.Release|Any CPU.Build.0 = Release|Any CPU
		{8171134D-8F27-4C81-B67A-22E25F968D87}.Debug|Any CPU.ActiveCfg = Debug|Any CPU
		{8171134D-8F27-4C81-B67A-22E25F968D87}.Debug|Any CPU.Build.0 = Debug|Any CPU
		{8171134D-8F27-4C81-B67A-22E25F968D87}.Release|Any CPU.ActiveCfg = Release|Any CPU
		{8171134D-8F27-4C81-B67A-22E25F968D87}.Release|Any CPU.Build.0 = Release|Any CPU
		{A686031B-00DF-4BA8-8DA8-25D73A32C176}.Debug|Any CPU.ActiveCfg = Debug|Any CPU
		{A686031B-00DF-4BA8-8DA8-25D73A32C176}.Debug|Any CPU.Build.0 = Debug|Any CPU
		{A686031B-00DF-4BA8-8DA8-25D73A32C176}.Release|Any CPU.ActiveCfg = Release|Any CPU
		{A686031B-00DF-4BA8-8DA8-25D73A32C176}.Release|Any CPU.Build.0 = Release|Any CPU
		{80CC9D5A-24FC-4BCF-9466-2E5A2B9CA4A2}.Debug|Any CPU.ActiveCfg = Debug|Any CPU
		{80CC9D5A-24FC-4BCF-9466-2E5A2B9CA4A2}.Debug|Any CPU.Build.0 = Debug|Any CPU
		{80CC9D5A-24FC-4BCF-9466-2E5A2B9CA4A2}.Release|Any CPU.ActiveCfg = Release|Any CPU
		{80CC9D5A-24FC-4BCF-9466-2E5A2B9CA4A2}.Release|Any CPU.Build.0 = Release|Any CPU
		{892E13C7-DA77-4F5E-956A-B09A366F1547}.Debug|Any CPU.ActiveCfg = Debug|Any CPU
		{892E13C7-DA77-4F5E-956A-B09A366F1547}.Debug|Any CPU.Build.0 = Debug|Any CPU
		{892E13C7-DA77-4F5E-956A-B09A366F1547}.Release|Any CPU.ActiveCfg = Release|Any CPU
		{892E13C7-DA77-4F5E-956A-B09A366F1547}.Release|Any CPU.Build.0 = Release|Any CPU
	EndGlobalSection
	GlobalSection(SolutionProperties) = preSolution
		HideSolutionNode = FALSE
	EndGlobalSection
	GlobalSection(ExtensibilityGlobals) = postSolution
		SolutionGuid = {DE222455-BBE1-42DE-8CFD-248252F9F4D1}
	EndGlobalSection
EndGlobal
